
Microsoft Visual Studio Solution File, Format Version 12.00
# Visual Studio Version 17
VisualStudioVersion = 17.6.33723.286
MinimumVisualStudioVersion = 10.0.40219.1
Project("{8BC9CEB8-8B4A-11D0-8D11-00A0C91BC942}") = "lec2_2", "lec2_2.vcxproj", "{15032ACD-8EE1-4F00-9A1E-6AC1C0E2484D}"
EndProject
Global
	GlobalSection(SolutionConfigurationPlatforms) = preSolution
		Debug|x64 = Debug|x64
		Debug|x86 = Debug|x86
		Release|x64 = Release|x64
		Release|x86 = Release|x86
	EndGlobalSection
	GlobalSection(ProjectConfigurationPlatforms) = postSolution
		{15032ACD-8EE1-4F00-9A1E-6AC1C0E2484D}.Debug|x64.ActiveCfg = Debug|x64
		{15032ACD-8EE1-4F00-9A1E-6AC1C0E2484D}.Debug|x64.Build.0 = Debug|x64
		{15032ACD-8EE1-4F00-9A1E-6AC1C0E2484D}.Debug|x86.ActiveCfg = Debug|Win32
		{15032ACD-8EE1-4F00-9A1E-6AC1C0E2484D}.Debug|x86.Build.0 = Debug|Win32
		{15032ACD-8EE1-4F00-9A1E-6AC1C0E2484D}.Release|x64.ActiveCfg = Release|x64
		{15032ACD-8EE1-4F00-9A1E-6AC1C0E2484D}.Release|x64.Build.0 = Release|x64
		{15032ACD-8EE1-4F00-9A1E-6AC1C0E2484D}.Release|x86.ActiveCfg = Release|Win32
		{15032ACD-8EE1-4F00-9A1E-6AC1C0E2484D}.Release|x86.Build.0 = Release|Win32
	EndGlobalSection
	GlobalSection(SolutionProperties) = preSolution
		HideSolutionNode = FALSE
	EndGlobalSection
	GlobalSection(ExtensibilityGlobals) = postSolution
		SolutionGuid = {1410BFF3-97F0-4387-AE1A-B7B7042F70E1}
	EndGlobalSection
EndGlobal
